// !$*UTF8*$!
{
	archiveVersion = 1;
	classes = {
	};
	objectVersion = 56;
	objects = {

/* Begin PBXBuildFile section */
		34EBF8D92A5BF0CC00F36BFB /* AppDelegate.swift in Sources */ = {isa = PBXBuildFile; fileRef = 34EBF8D82A5BF0CC00F36BFB /* AppDelegate.swift */; };
		34EBF8DB2A5BF0CC00F36BFB /* SceneDelegate.swift in Sources */ = {isa = PBXBuildFile; fileRef = 34EBF8DA2A5BF0CC00F36BFB /* SceneDelegate.swift */; };
		34EBF8DD2A5BF0CC00F36BFB /* ViewController.swift in Sources */ = {isa = PBXBuildFile; fileRef = 34EBF8DC2A5BF0CC00F36BFB /* ViewController.swift */; };
		34EBF8E02A5BF0CC00F36BFB /* Main.storyboard in Resources */ = {isa = PBXBuildFile; fileRef = 34EBF8DE2A5BF0CC00F36BFB /* Main.storyboard */; };
		34EBF8E32A5BF0CC00F36BFB /* CoreDataExample.xcdatamodeld in Sources */ = {isa = PBXBuildFile; fileRef = 34EBF8E12A5BF0CC00F36BFB /* CoreDataExample.xcdatamodeld */; };
		34EBF8E52A5BF0CD00F36BFB /* Assets.xcassets in Resources */ = {isa = PBXBuildFile; fileRef = 34EBF8E42A5BF0CD00F36BFB /* Assets.xcassets */; };
		34EBF8E82A5BF0CD00F36BFB /* LaunchScreen.storyboard in Resources */ = {isa = PBXBuildFile; fileRef = 34EBF8E62A5BF0CD00F36BFB /* LaunchScreen.storyboard */; };
		34EBF8F62A5BF3C800F36BFB /* IdAndTitle+CoreDataClass.swift in Sources */ = {isa = PBXBuildFile; fileRef = 34EBF8F42A5BF3C800F36BFB /* IdAndTitle+CoreDataClass.swift */; };
		34EBF8F72A5BF3C800F36BFB /* IdAndTitle+CoreDataProperties.swift in Sources */ = {isa = PBXBuildFile; fileRef = 34EBF8F52A5BF3C800F36BFB /* IdAndTitle+CoreDataProperties.swift */; };
		F53BE010E870BA6E7723E8AA /* Pods_CoreDataExample.framework in Frameworks */ = {isa = PBXBuildFile; fileRef = 98551607A13D8FE7DBC3BCC7 /* Pods_CoreDataExample.framework */; };
/* End PBXBuildFile section */

/* Begin PBXFileReference section */
		34EBF8D52A5BF0CC00F36BFB /* CoreDataExample.app */ = {isa = PBXFileReference; explicitFileType = wrapper.application; includeInIndex = 0; path = CoreDataExample.app; sourceTree = BUILT_PRODUCTS_DIR; };
		34EBF8D82A5BF0CC00F36BFB /* AppDelegate.swift */ = {isa = PBXFileReference; lastKnownFileType = sourcecode.swift; path = AppDelegate.swift; sourceTree = "<group>"; };
		34EBF8DA2A5BF0CC00F36BFB /* SceneDelegate.swift */ = {isa = PBXFileReference; lastKnownFileType = sourcecode.swift; path = SceneDelegate.swift; sourceTree = "<group>"; };
		34EBF8DC2A5BF0CC00F36BFB /* ViewController.swift */ = {isa = PBXFileReference; lastKnownFileType = sourcecode.swift; path = ViewController.swift; sourceTree = "<group>"; };
		34EBF8DF2A5BF0CC00F36BFB /* Base */ = {isa = PBXFileReference; lastKnownFileType = file.storyboard; name = Base; path = Base.lproj/Main.storyboard; sourceTree = "<group>"; };
		34EBF8E22A5BF0CC00F36BFB /* CoreDataExample.xcdatamodel */ = {isa = PBXFileReference; lastKnownFileType = wrapper.xcdatamodel; path = CoreDataExample.xcdatamodel; sourceTree = "<group>"; };
		34EBF8E42A5BF0CD00F36BFB /* Assets.xcassets */ = {isa = PBXFileReference; lastKnownFileType = folder.assetcatalog; path = Assets.xcassets; sourceTree = "<group>"; };
		34EBF8E72A5BF0CD00F36BFB /* Base */ = {isa = PBXFileReference; lastKnownFileType = file.storyboard; name = Base; path = Base.lproj/LaunchScreen.storyboard; sourceTree = "<group>"; };
		34EBF8E92A5BF0CD00F36BFB /* Info.plist */ = {isa = PBXFileReference; lastKnownFileType = text.plist.xml; path = Info.plist; sourceTree = "<group>"; };
		34EBF8F42A5BF3C800F36BFB /* IdAndTitle+CoreDataClass.swift */ = {isa = PBXFileReference; fileEncoding = 4; lastKnownFileType = sourcecode.swift; path = "IdAndTitle+CoreDataClass.swift"; sourceTree = "<group>"; };
		34EBF8F52A5BF3C800F36BFB /* IdAndTitle+CoreDataProperties.swift */ = {isa = PBXFileReference; fileEncoding = 4; lastKnownFileType = sourcecode.swift; path = "IdAndTitle+CoreDataProperties.swift"; sourceTree = "<group>"; };
		3EBEB3983F498D347FF2C546 /* Pods-CoreDataExample.release.xcconfig */ = {isa = PBXFileReference; includeInIndex = 1; lastKnownFileType = text.xcconfig; name = "Pods-CoreDataExample.release.xcconfig"; path = "Target Support Files/Pods-CoreDataExample/Pods-CoreDataExample.release.xcconfig"; sourceTree = "<group>"; };
		50EF5DB6BB542088B32ACF1B /* Pods-CoreDataExample.debug.xcconfig */ = {isa = PBXFileReference; includeInIndex = 1; lastKnownFileType = text.xcconfig; name = "Pods-CoreDataExample.debug.xcconfig"; path = "Target Support Files/Pods-CoreDataExample/Pods-CoreDataExample.debug.xcconfig"; sourceTree = "<group>"; };
		98551607A13D8FE7DBC3BCC7 /* Pods_CoreDataExample.framework */ = {isa = PBXFileReference; explicitFileType = wrapper.framework; includeInIndex = 0; path = Pods_CoreDataExample.framework; sourceTree = BUILT_PRODUCTS_DIR; };
/* End PBXFileReference section */

/* Begin PBXFrameworksBuildPhase section */
		34EBF8D22A5BF0CC00F36BFB /* Frameworks */ = {
			isa = PBXFrameworksBuildPhase;
			buildActionMask = 2147483647;
			files = (
				F53BE010E870BA6E7723E8AA /* Pods_CoreDataExample.framework in Frameworks */,
			);
			runOnlyForDeploymentPostprocessing = 0;
		};
/* End PBXFrameworksBuildPhase section */

/* Begin PBXGroup section */
		34EBF8CC2A5BF0CC00F36BFB = {
			isa = PBXGroup;
			children = (
				34EBF8D72A5BF0CC00F36BFB /* CoreDataExample */,
				34EBF8D62A5BF0CC00F36BFB /* Products */,
				A610E2530987BCFF1BE66CA3 /* Pods */,
				C24E0C2D259158AE2C7DE9A3 /* Frameworks */,
			);
			sourceTree = "<group>";
		};
		34EBF8D62A5BF0CC00F36BFB /* Products */ = {
			isa = PBXGroup;
			children = (
				34EBF8D52A5BF0CC00F36BFB /* CoreDataExample.app */,
			);
			name = Products;
			sourceTree = "<group>";
		};
		34EBF8D72A5BF0CC00F36BFB /* CoreDataExample */ = {
			isa = PBXGroup;
			children = (
				34EBF8EF2A5BF38C00F36BFB /* Id and Title Core Data Model */,
				34EBF8D82A5BF0CC00F36BFB /* AppDelegate.swift */,
				34EBF8DA2A5BF0CC00F36BFB /* SceneDelegate.swift */,
				34EBF8DC2A5BF0CC00F36BFB /* ViewController.swift */,
				34EBF8DE2A5BF0CC00F36BFB /* Main.storyboard */,
				34EBF8E42A5BF0CD00F36BFB /* Assets.xcassets */,
				34EBF8E62A5BF0CD00F36BFB /* LaunchScreen.storyboard */,
				34EBF8E92A5BF0CD00F36BFB /* Info.plist */,
				34EBF8E12A5BF0CC00F36BFB /* CoreDataExample.xcdatamodeld */,
			);
			path = CoreDataExample;
			sourceTree = "<group>";
		};
		34EBF8EF2A5BF38C00F36BFB /* Id and Title Core Data Model */ = {
			isa = PBXGroup;
			children = (
				34EBF8F42A5BF3C800F36BFB /* IdAndTitle+CoreDataClass.swift */,
				34EBF8F52A5BF3C800F36BFB /* IdAndTitle+CoreDataProperties.swift */,
			);
			path = "Id and Title Core Data Model";
			sourceTree = "<group>";
		};
		A610E2530987BCFF1BE66CA3 /* Pods */ = {
			isa = PBXGroup;
			children = (
				50EF5DB6BB542088B32ACF1B /* Pods-CoreDataExample.debug.xcconfig */,
				3EBEB3983F498D347FF2C546 /* Pods-CoreDataExample.release.xcconfig */,
			);
			path = Pods;
			sourceTree = "<group>";
		};
		C24E0C2D259158AE2C7DE9A3 /* Frameworks */ = {
			isa = PBXGroup;
			children = (
				98551607A13D8FE7DBC3BCC7 /* Pods_CoreDataExample.framework */,
			);
			name = Frameworks;
			sourceTree = "<group>";
		};
/* End PBXGroup section */

/* Begin PBXNativeTarget section */
		34EBF8D42A5BF0CC00F36BFB /* CoreDataExample */ = {
			isa = PBXNativeTarget;
			buildConfigurationList = 34EBF8EC2A5BF0CD00F36BFB /* Build configuration list for PBXNativeTarget "CoreDataExample" */;
			buildPhases = (
				8BC470C4CE1BA65021BF227F /* [CP] Check Pods Manifest.lock */,
				34EBF8D12A5BF0CC00F36BFB /* Sources */,
				34EBF8D22A5BF0CC00F36BFB /* Frameworks */,
				34EBF8D32A5BF0CC00F36BFB /* Resources */,
				CEEBB3D09AB8F13A4BB7E8A9 /* [CP] Embed Pods Frameworks */,
			);
			buildRules = (
			);
			dependencies = (
			);
			name = CoreDataExample;
			productName = CoreDataExample;
			productReference = 34EBF8D52A5BF0CC00F36BFB /* CoreDataExample.app */;
			productType = "com.apple.product-type.application";
		};
/* End PBXNativeTarget section */

/* Begin PBXProject section */
		34EBF8CD2A5BF0CC00F36BFB /* Project object */ = {
			isa = PBXProject;
			attributes = {
				BuildIndependentTargetsInParallel = 1;
				LastSwiftUpdateCheck = 1430;
				LastUpgradeCheck = 1430;
				TargetAttributes = {
					34EBF8D42A5BF0CC00F36BFB = {
						CreatedOnToolsVersion = 14.3;
					};
				};
			};
			buildConfigurationList = 34EBF8D02A5BF0CC00F36BFB /* Build configuration list for PBXProject "CoreDataExample" */;
			compatibilityVersion = "Xcode 14.0";
			developmentRegion = en;
			hasScannedForEncodings = 0;
			knownRegions = (
				en,
				Base,
			);
			mainGroup = 34EBF8CC2A5BF0CC00F36BFB;
			productRefGroup = 34EBF8D62A5BF0CC00F36BFB /* Products */;
			projectDirPath = "";
			projectRoot = "";
			targets = (
				34EBF8D42A5BF0CC00F36BFB /* CoreDataExample */,
			);
		};
/* End PBXProject section */

/* Begin PBXResourcesBuildPhase section */
		34EBF8D32A5BF0CC00F36BFB /* Resources */ = {
			isa = PBXResourcesBuildPhase;
			buildActionMask = 2147483647;
			files = (
				34EBF8E82A5BF0CD00F36BFB /* LaunchScreen.storyboard in Resources */,
				34EBF8E52A5BF0CD00F36BFB /* Assets.xcassets in Resources */,
				34EBF8E02A5BF0CC00F36BFB /* Main.storyboard in Resources */,
			);
			runOnlyForDeploymentPostprocessing = 0;
		};
/* End PBXResourcesBuildPhase section */

/* Begin PBXShellScriptBuildPhase section */
		8BC470C4CE1BA65021BF227F /* [CP] Check Pods Manifest.lock */ = {
			isa = PBXShellScriptBuildPhase;
			buildActionMask = 2147483647;
			files = (
			);
			inputFileListPaths = (
			);
			inputPaths = (
				"${PODS_PODFILE_DIR_PATH}/Podfile.lock",
				"${PODS_ROOT}/Manifest.lock",
			);
			name = "[CP] Check Pods Manifest.lock";
			outputFileListPaths = (
			);
			outputPaths = (
				"$(DERIVED_FILE_DIR)/Pods-CoreDataExample-checkManifestLockResult.txt",
			);
			runOnlyForDeploymentPostprocessing = 0;
			shellPath = /bin/sh;
			shellScript = "diff \"${PODS_PODFILE_DIR_PATH}/Podfile.lock\" \"${PODS_ROOT}/Manifest.lock\" > /dev/null\nif [ $? != 0 ] ; then\n    # print error to STDERR\n    echo \"error: The sandbox is not in sync with the Podfile.lock. Run 'pod install' or update your CocoaPods installation.\" >&2\n    exit 1\nfi\n# This output is used by Xcode 'outputs' to avoid re-running this script phase.\necho \"SUCCESS\" > \"${SCRIPT_OUTPUT_FILE_0}\"\n";
			showEnvVarsInLog = 0;
		};
		CEEBB3D09AB8F13A4BB7E8A9 /* [CP] Embed Pods Frameworks */ = {
			isa = PBXShellScriptBuildPhase;
			buildActionMask = 2147483647;
			files = (
			);
			inputFileListPaths = (
				"${PODS_ROOT}/Target Support Files/Pods-CoreDataExample/Pods-CoreDataExample-frameworks-${CONFIGURATION}-input-files.xcfilelist",
			);
			name = "[CP] Embed Pods Frameworks";
			outputFileListPaths = (
				"${PODS_ROOT}/Target Support Files/Pods-CoreDataExample/Pods-CoreDataExample-frameworks-${CONFIGURATION}-output-files.xcfilelist",
			);
			runOnlyForDeploymentPostprocessing = 0;
			shellPath = /bin/sh;
			shellScript = "\"${PODS_ROOT}/Target Support Files/Pods-CoreDataExample/Pods-CoreDataExample-frameworks.sh\"\n";
			showEnvVarsInLog = 0;
		};
/* End PBXShellScriptBuildPhase section */

/* Begin PBXSourcesBuildPhase section */
		34EBF8D12A5BF0CC00F36BFB /* Sources */ = {
			isa = PBXSourcesBuildPhase;
			buildActionMask = 2147483647;
			files = (
				34EBF8DD2A5BF0CC00F36BFB /* ViewController.swift in Sources */,
				34EBF8F72A5BF3C800F36BFB /* IdAndTitle+CoreDataProperties.swift in Sources */,
				34EBF8F62A5BF3C800F36BFB /* IdAndTitle+CoreDataClass.swift in Sources */,
				34EBF8D92A5BF0CC00F36BFB /* AppDelegate.swift in Sources */,
				34EBF8DB2A5BF0CC00F36BFB /* SceneDelegate.swift in Sources */,
				34EBF8E32A5BF0CC00F36BFB /* CoreDataExample.xcdatamodeld in Sources */,
			);
			runOnlyForDeploymentPostprocessing = 0;
		};
/* End PBXSourcesBuildPhase section */

/* Begin PBXVariantGroup section */
		34EBF8DE2A5BF0CC00F36BFB /* Main.storyboard */ = {
			isa = PBXVariantGroup;
			children = (
				34EBF8DF2A5BF0CC00F36BFB /* Base */,
			);
			name = Main.storyboard;
			sourceTree = "<group>";
		};
		34EBF8E62A5BF0CD00F36BFB /* LaunchScreen.storyboard */ = {
			isa = PBXVariantGroup;
			children = (
				34EBF8E72A5BF0CD00F36BFB /* Base */,
			);
			name = LaunchScreen.storyboard;
			sourceTree = "<group>";
		};
/* End PBXVariantGroup section */

/* Begin XCBuildConfiguration section */
		34EBF8EA2A5BF0CD00F36BFB /* Debug */ = {
			isa = XCBuildConfiguration;
			buildSettings = {
				ALWAYS_SEARCH_USER_PATHS = NO;
				CLANG_ANALYZER_NONNULL = YES;
				CLANG_ANALYZER_NUMBER_OBJECT_CONVERSION = YES_AGGRESSIVE;
				CLANG_CXX_LANGUAGE_STANDARD = "gnu++20";
				CLANG_ENABLE_MODULES = YES;
				CLANG_ENABLE_OBJC_ARC = YES;
				CLANG_ENABLE_OBJC_WEAK = YES;
				CLANG_WARN_BLOCK_CAPTURE_AUTORELEASING = YES;
				CLANG_WARN_BOOL_CONVERSION = YES;
				CLANG_WARN_COMMA = YES;
				CLANG_WARN_CONSTANT_CONVERSION = YES;
				CLANG_WARN_DEPRECATED_OBJC_IMPLEMENTATIONS = YES;
				CLANG_WARN_DIRECT_OBJC_ISA_USAGE = YES_ERROR;
				CLANG_WARN_DOCUMENTATION_COMMENTS = YES;
				CLANG_WARN_EMPTY_BODY = YES;
				CLANG_WARN_ENUM_CONVERSION = YES;
				CLANG_WARN_INFINITE_RECURSION = YES;
				CLANG_WARN_INT_CONVERSION = YES;
				CLANG_WARN_NON_LITERAL_NULL_CONVERSION = YES;
				CLANG_WARN_OBJC_IMPLICIT_RETAIN_SELF = YES;
				CLANG_WARN_OBJC_LITERAL_CONVERSION = YES;
				CLANG_WARN_OBJC_ROOT_CLASS = YES_ERROR;
				CLANG_WARN_QUOTED_INCLUDE_IN_FRAMEWORK_HEADER = YES;
				CLANG_WARN_RANGE_LOOP_ANALYSIS = YES;
				CLANG_WARN_STRICT_PROTOTYPES = YES;
				CLANG_WARN_SUSPICIOUS_MOVE = YES;
				CLANG_WARN_UNGUARDED_AVAILABILITY = YES_AGGRESSIVE;
				CLANG_WARN_UNREACHABLE_CODE = YES;
				CLANG_WARN__DUPLICATE_METHOD_MATCH = YES;
				COPY_PHASE_STRIP = NO;
				DEBUG_INFORMATION_FORMAT = dwarf;
				ENABLE_STRICT_OBJC_MSGSEND = YES;
				ENABLE_TESTABILITY = YES;
				GCC_C_LANGUAGE_STANDARD = gnu11;
				GCC_DYNAMIC_NO_PIC = NO;
				GCC_NO_COMMON_BLOCKS = YES;
				GCC_OPTIMIZATION_LEVEL = 0;
				GCC_PREPROCESSOR_DEFINITIONS = (
					"DEBUG=1",
					"$(inherited)",
				);
				GCC_WARN_64_TO_32_BIT_CONVERSION = YES;
				GCC_WARN_ABOUT_RETURN_TYPE = YES_ERROR;
				GCC_WARN_UNDECLARED_SELECTOR = YES;
				GCC_WARN_UNINITIALIZED_AUTOS = YES_AGGRESSIVE;
				GCC_WARN_UNUSED_FUNCTION = YES;
				GCC_WARN_UNUSED_VARIABLE = YES;
				IPHONEOS_DEPLOYMENT_TARGET = 16.4;
				MTL_ENABLE_DEBUG_INFO = INCLUDE_SOURCE;
				MTL_FAST_MATH = YES;
				ONLY_ACTIVE_ARCH = YES;
				SDKROOT = iphoneos;
				SWIFT_ACTIVE_COMPILATION_CONDITIONS = DEBUG;
				SWIFT_OPTIMIZATION_LEVEL = "-Onone";
			};
			name = Debug;
		};
		34EBF8EB2A5BF0CD00F36BFB /* Release */ = {
			isa = XCBuildConfiguration;
			buildSettings = {
				ALWAYS_SEARCH_USER_PATHS = NO;
				CLANG_ANALYZER_NONNULL = YES;
				CLANG_ANALYZER_NUMBER_OBJECT_CONVERSION = YES_AGGRESSIVE;
				CLANG_CXX_LANGUAGE_STANDARD = "gnu++20";
				CLANG_ENABLE_MODULES = YES;
				CLANG_ENABLE_OBJC_ARC = YES;
				CLANG_ENABLE_OBJC_WEAK = YES;
				CLANG_WARN_BLOCK_CAPTURE_AUTORELEASING = YES;
				CLANG_WARN_BOOL_CONVERSION = YES;
				CLANG_WARN_COMMA = YES;
				CLANG_WARN_CONSTANT_CONVERSION = YES;
				CLANG_WARN_DEPRECATED_OBJC_IMPLEMENTATIONS = YES;
				CLANG_WARN_DIRECT_OBJC_ISA_USAGE = YES_ERROR;
				CLANG_WARN_DOCUMENTATION_COMMENTS = YES;
				CLANG_WARN_EMPTY_BODY = YES;
				CLANG_WARN_ENUM_CONVERSION = YES;
				CLANG_WARN_INFINITE_RECURSION = YES;
				CLANG_WARN_INT_CONVERSION = YES;
				CLANG_WARN_NON_LITERAL_NULL_CONVERSION = YES;
				CLANG_WARN_OBJC_IMPLICIT_RETAIN_SELF = YES;
				CLANG_WARN_OBJC_LITERAL_CONVERSION = YES;
				CLANG_WARN_OBJC_ROOT_CLASS = YES_ERROR;
				CLANG_WARN_QUOTED_INCLUDE_IN_FRAMEWORK_HEADER = YES;
				CLANG_WARN_RANGE_LOOP_ANALYSIS = YES;
				CLANG_WARN_STRICT_PROTOTYPES = YES;
				CLANG_WARN_SUSPICIOUS_MOVE = YES;
				CLANG_WARN_UNGUARDED_AVAILABILITY = YES_AGGRESSIVE;
				CLANG_WARN_UNREACHABLE_CODE = YES;
				CLANG_WARN__DUPLICATE_METHOD_MATCH = YES;
				COPY_PHASE_STRIP = NO;
				DEBUG_INFORMATION_FORMAT = "dwarf-with-dsym";
				ENABLE_NS_ASSERTIONS = NO;
				ENABLE_STRICT_OBJC_MSGSEND = YES;
				GCC_C_LANGUAGE_STANDARD = gnu11;
				GCC_NO_COMMON_BLOCKS = YES;
				GCC_WARN_64_TO_32_BIT_CONVERSION = YES;
				GCC_WARN_ABOUT_RETURN_TYPE = YES_ERROR;
				GCC_WARN_UNDECLARED_SELECTOR = YES;
				GCC_WARN_UNINITIALIZED_AUTOS = YES_AGGRESSIVE;
				GCC_WARN_UNUSED_FUNCTION = YES;
				GCC_WARN_UNUSED_VARIABLE = YES;
				IPHONEOS_DEPLOYMENT_TARGET = 16.4;
				MTL_ENABLE_DEBUG_INFO = NO;
				MTL_FAST_MATH = YES;
				SDKROOT = iphoneos;
				SWIFT_COMPILATION_MODE = wholemodule;
				SWIFT_OPTIMIZATION_LEVEL = "-O";
				VALIDATE_PRODUCT = YES;
			};
			name = Release;
		};
		34EBF8ED2A5BF0CD00F36BFB /* Debug */ = {
			isa = XCBuildConfiguration;
			baseConfigurationReference = 50EF5DB6BB542088B32ACF1B /* Pods-CoreDataExample.debug.xcconfig */;
			buildSettings = {
				ASSETCATALOG_COMPILER_APPICON_NAME = AppIcon;
				ASSETCATALOG_COMPILER_GLOBAL_ACCENT_COLOR_NAME = AccentColor;
				CODE_SIGN_STYLE = Automatic;
				CURRENT_PROJECT_VERSION = 1;
				DEVELOPMENT_TEAM = HSUJU66LCC;
				GENERATE_INFOPLIST_FILE = YES;
				INFOPLIST_FILE = CoreDataExample/Info.plist;
				INFOPLIST_KEY_CFBundleDisplayName = "Core Data Example";
				INFOPLIST_KEY_UIApplicationSupportsIndirectInputEvents = YES;
				INFOPLIST_KEY_UILaunchStoryboardName = LaunchScreen;
				INFOPLIST_KEY_UIMainStoryboardFile = Main;
				INFOPLIST_KEY_UISupportedInterfaceOrientations = UIInterfaceOrientationPortrait;
				IPHONEOS_DEPLOYMENT_TARGET = 13.0;
				LD_RUNPATH_SEARCH_PATHS = (
					"$(inherited)",
					"@executable_path/Frameworks",
				);
				MARKETING_VERSION = 1.0;
				PRODUCT_BUNDLE_IDENTIFIER = com.anuragchourasia.CoreDataExample;
				PRODUCT_NAME = "$(TARGET_NAME)";
				SWIFT_EMIT_LOC_STRINGS = YES;
				SWIFT_VERSION = 5.0;
				TARGETED_DEVICE_FAMILY = "1,2";
			};
			name = Debug;
		};
		34EBF8EE2A5BF0CD00F36BFB /* Release */ = {
			isa = XCBuildConfiguration;
			baseConfigurationReference = 3EBEB3983F498D347FF2C546 /* Pods-CoreDataExample.release.xcconfig */;
			buildSettings = {
				ASSETCATALOG_COMPILER_APPICON_NAME = AppIcon;
				ASSETCATALOG_COMPILER_GLOBAL_ACCENT_COLOR_NAME = AccentColor;
				CODE_SIGN_STYLE = Automatic;
				CURRENT_PROJECT_VERSION = 1;
				DEVELOPMENT_TEAM = HSUJU66LCC;
				GENERATE_INFOPLIST_FILE = YES;
				INFOPLIST_FILE = CoreDataExample/Info.plist;
				INFOPLIST_KEY_CFBundleDisplayName = "Core Data Example";
				INFOPLIST_KEY_UIApplicationSupportsIndirectInputEvents = YES;
				INFOPLIST_KEY_UILaunchStoryboardName = LaunchScreen;
				INFOPLIST_KEY_UIMainStoryboardFile = Main;
				INFOPLIST_KEY_UISupportedInterfaceOrientations = UIInterfaceOrientationPortrait;
				IPHONEOS_DEPLOYMENT_TARGET = 13.0;
				LD_RUNPATH_SEARCH_PATHS = (
					"$(inherited)",
					"@executable_path/Frameworks",
				);
				MARKETING_VERSION = 1.0;
				PRODUCT_BUNDLE_IDENTIFIER = com.anuragchourasia.CoreDataExample;
				PRODUCT_NAME = "$(TARGET_NAME)";
				SWIFT_EMIT_LOC_STRINGS = YES;
				SWIFT_VERSION = 5.0;
				TARGETED_DEVICE_FAMILY = "1,2";
			};
			name = Release;
		};
/* End XCBuildConfiguration section */

/* Begin XCConfigurationList section */
		34EBF8D02A5BF0CC00F36BFB /* Build configuration list for PBXProject "CoreDataExample" */ = {
			isa = XCConfigurationList;
			buildConfigurations = (
				34EBF8EA2A5BF0CD00F36BFB /* Debug */,
				34EBF8EB2A5BF0CD00F36BFB /* Release */,
			);
			defaultConfigurationIsVisible = 0;
			defaultConfigurationName = Release;
		};
		34EBF8EC2A5BF0CD00F36BFB /* Build configuration list for PBXNativeTarget "CoreDataExample" */ = {
			isa = XCConfigurationList;
			buildConfigurations = (
				34EBF8ED2A5BF0CD00F36BFB /* Debug */,
				34EBF8EE2A5BF0CD00F36BFB /* Release */,
			);
			defaultConfigurationIsVisible = 0;
			defaultConfigurationName = Release;
		};
/* End XCConfigurationList section */

/* Begin XCVersionGroup section */
		34EBF8E12A5BF0CC00F36BFB /* CoreDataExample.xcdatamodeld */ = {
			isa = XCVersionGroup;
			children = (
				34EBF8E22A5BF0CC00F36BFB /* CoreDataExample.xcdatamodel */,
			);
			currentVersion = 34EBF8E22A5BF0CC00F36BFB /* CoreDataExample.xcdatamodel */;
			path = CoreDataExample.xcdatamodeld;
			sourceTree = "<group>";
			versionGroupType = wrapper.xcdatamodel;
		};
/* End XCVersionGroup section */
	};
	rootObject = 34EBF8CD2A5BF0CC00F36BFB /* Project object */;
}
